# This file is autogenerated, do not edit; changes may be undone by the next 'dep ensure'.


[[projects]]
  branch = "master"
  name = "github.com/mackerelio/go-mackerel-plugin"
  packages = ["."]
  revision = "3980df9bc6311013061fb7ff66498ce23e275bdf"

[[projects]]
  branch = "master"
  name = "github.com/mackerelio/golib"
  packages = ["pluginutil"]
  revision = "ca1d7fa7b764fa1509c7f5bc571cf89ec6db527c"

[[projects]]
  branch = "master"
  name = "github.com/papix/go-nature-remo"
  packages = ["cloud"]
  revision = "2955643e4a80823db534c77b0aa8f25c362852a3"

[solve-meta]
  analyzer-name = "dep"
  analyzer-version = 1
  inputs-digest = "26b9de44561632665da2e7c5e9aa70fc753cea7fab8ba88c57f81d635f36c815"
  solver-name = "gps-cdcl"
  solver-version = 1
