# This file is autogenerated, do not edit; changes may be undone by the next 'dep ensure'.


[[projects]]
  branch = "master"
  name = "github.com/mackerelio/go-mackerel-plugin"
  packages = ["."]
  revision = "3980df9bc6311013061fb7ff66498ce23e275bdf"

[[projects]]
  branch = "master"
  name = "github.com/mackerelio/golib"
  packages = ["pluginutil"]
  revision = "295ea2626d02a5d78c2ad6c4148a77ab68540b79"

[solve-meta]
  analyzer-name = "dep"
  analyzer-version = 1
  inputs-digest = "6900b4e1a61fa4b554728885d30c72be63c74cc28563526a4e3507adf628ec84"
  solver-name = "gps-cdcl"
  solver-version = 1
